// !$*UTF8*$!
{
	archiveVersion = 1;
	classes = {
	};
	objectVersion = 50;
	objects = {

/* Begin PBXBuildFile section */
		116030A82365D33000081DDE /* AppDelegate.swift in Sources */ = {isa = PBXBuildFile; fileRef = 116030A72365D33000081DDE /* AppDelegate.swift */; };
		116030AE2365D33000081DDE /* Assets.xcassets in Resources */ = {isa = PBXBuildFile; fileRef = 116030AD2365D33000081DDE /* Assets.xcassets */; };
		116030B12365D33000081DDE /* Preview Assets.xcassets in Resources */ = {isa = PBXBuildFile; fileRef = 116030B02365D33000081DDE /* Preview Assets.xcassets */; };
		116030B42365D33000081DDE /* LaunchScreen.storyboard in Resources */ = {isa = PBXBuildFile; fileRef = 116030B22365D33000081DDE /* LaunchScreen.storyboard */; };
		116030C32365D4E700081DDE /* CoreDataTests.swift in Sources */ = {isa = PBXBuildFile; fileRef = 116030C22365D4E700081DDE /* CoreDataTests.swift */; };
		116030CD2365D54000081DDE /* AppStorageService.swift in Sources */ = {isa = PBXBuildFile; fileRef = 116030CC2365D54000081DDE /* AppStorageService.swift */; };
		116030CF2365D61000081DDE /* CoreDataService.swift in Sources */ = {isa = PBXBuildFile; fileRef = 116030CE2365D61000081DDE /* CoreDataService.swift */; };
		116030D22365D66A00081DDE /* DataModel.xcdatamodeld in Sources */ = {isa = PBXBuildFile; fileRef = 116030D02365D66A00081DDE /* DataModel.xcdatamodeld */; };
		118D7E40236EF91200E9D27D /* CoreDataService.swift in Sources */ = {isa = PBXBuildFile; fileRef = 116030CE2365D61000081DDE /* CoreDataService.swift */; };
		118D7E41236EF92F00E9D27D /* AppStorageService.swift in Sources */ = {isa = PBXBuildFile; fileRef = 116030CC2365D54000081DDE /* AppStorageService.swift */; };
		118D7E43236EFC4F00E9D27D /* Mocker.swift in Sources */ = {isa = PBXBuildFile; fileRef = 118D7E42236EFC4F00E9D27D /* Mocker.swift */; };
		118D7E44236EFCD400E9D27D /* DataModel.xcdatamodeld in Sources */ = {isa = PBXBuildFile; fileRef = 116030D02365D66A00081DDE /* DataModel.xcdatamodeld */; };
/* End PBXBuildFile section */

/* Begin PBXContainerItemProxy section */
		116030C52365D4E700081DDE /* PBXContainerItemProxy */ = {
			isa = PBXContainerItemProxy;
			containerPortal = 1160309C2365D33000081DDE /* Project object */;
			proxyType = 1;
			remoteGlobalIDString = 116030A32365D33000081DDE;
			remoteInfo = CoreData;
		};
/* End PBXContainerItemProxy section */

/* Begin PBXFileReference section */
		116030A42365D33000081DDE /* CoreDataProject.app */ = {isa = PBXFileReference; explicitFileType = wrapper.application; includeInIndex = 0; path = CoreDataProject.app; sourceTree = BUILT_PRODUCTS_DIR; };
		116030A72365D33000081DDE /* AppDelegate.swift */ = {isa = PBXFileReference; lastKnownFileType = sourcecode.swift; path = AppDelegate.swift; sourceTree = "<group>"; };
		116030AD2365D33000081DDE /* Assets.xcassets */ = {isa = PBXFileReference; lastKnownFileType = folder.assetcatalog; path = Assets.xcassets; sourceTree = "<group>"; };
		116030B02365D33000081DDE /* Preview Assets.xcassets */ = {isa = PBXFileReference; lastKnownFileType = folder.assetcatalog; path = "Preview Assets.xcassets"; sourceTree = "<group>"; };
		116030B32365D33000081DDE /* Base */ = {isa = PBXFileReference; lastKnownFileType = file.storyboard; name = Base; path = Base.lproj/LaunchScreen.storyboard; sourceTree = "<group>"; };
		116030B52365D33000081DDE /* Info.plist */ = {isa = PBXFileReference; lastKnownFileType = text.plist.xml; path = Info.plist; sourceTree = "<group>"; };
		116030C02365D4E700081DDE /* CoreDataProjectTests.xctest */ = {isa = PBXFileReference; explicitFileType = wrapper.cfbundle; includeInIndex = 0; path = CoreDataProjectTests.xctest; sourceTree = BUILT_PRODUCTS_DIR; };
		116030C22365D4E700081DDE /* CoreDataTests.swift */ = {isa = PBXFileReference; lastKnownFileType = sourcecode.swift; path = CoreDataTests.swift; sourceTree = "<group>"; };
		116030C42365D4E700081DDE /* Info.plist */ = {isa = PBXFileReference; lastKnownFileType = text.plist.xml; path = Info.plist; sourceTree = "<group>"; };
		116030CC2365D54000081DDE /* AppStorageService.swift */ = {isa = PBXFileReference; lastKnownFileType = sourcecode.swift; path = AppStorageService.swift; sourceTree = "<group>"; };
		116030CE2365D61000081DDE /* CoreDataService.swift */ = {isa = PBXFileReference; lastKnownFileType = sourcecode.swift; path = CoreDataService.swift; sourceTree = "<group>"; };
		116030D12365D66A00081DDE /* DataModel.xcdatamodel */ = {isa = PBXFileReference; lastKnownFileType = wrapper.xcdatamodel; path = DataModel.xcdatamodel; sourceTree = "<group>"; };
		118D7E42236EFC4F00E9D27D /* Mocker.swift */ = {isa = PBXFileReference; lastKnownFileType = sourcecode.swift; path = Mocker.swift; sourceTree = "<group>"; };
/* End PBXFileReference section */

/* Begin PBXFrameworksBuildPhase section */
		116030A12365D33000081DDE /* Frameworks */ = {
			isa = PBXFrameworksBuildPhase;
			buildActionMask = 2147483647;
			files = (
			);
			runOnlyForDeploymentPostprocessing = 0;
		};
		116030BD2365D4E700081DDE /* Frameworks */ = {
			isa = PBXFrameworksBuildPhase;
			buildActionMask = 2147483647;
			files = (
			);
			runOnlyForDeploymentPostprocessing = 0;
		};
/* End PBXFrameworksBuildPhase section */

/* Begin PBXGroup section */
		1160309B2365D33000081DDE = {
			isa = PBXGroup;
			children = (
				116030A62365D33000081DDE /* CoreData */,
				116030C12365D4E700081DDE /* CoreDataTests */,
				116030A52365D33000081DDE /* Products */,
			);
			sourceTree = "<group>";
		};
		116030A52365D33000081DDE /* Products */ = {
			isa = PBXGroup;
			children = (
				116030A42365D33000081DDE /* CoreDataProject.app */,
				116030C02365D4E700081DDE /* CoreDataProjectTests.xctest */,
			);
			name = Products;
			sourceTree = "<group>";
		};
		116030A62365D33000081DDE /* CoreData */ = {
			isa = PBXGroup;
			children = (
				116030BB2365D4A000081DDE /* App Storage Service */,
				116030A72365D33000081DDE /* AppDelegate.swift */,
				116030AD2365D33000081DDE /* Assets.xcassets */,
				116030B22365D33000081DDE /* LaunchScreen.storyboard */,
				116030B52365D33000081DDE /* Info.plist */,
				116030AF2365D33000081DDE /* Preview Content */,
			);
			path = CoreData;
			sourceTree = "<group>";
		};
		116030AF2365D33000081DDE /* Preview Content */ = {
			isa = PBXGroup;
			children = (
				116030B02365D33000081DDE /* Preview Assets.xcassets */,
			);
			path = "Preview Content";
			sourceTree = "<group>";
		};
		116030BB2365D4A000081DDE /* App Storage Service */ = {
			isa = PBXGroup;
			children = (
				116030CB2365D50D00081DDE /* Implementation */,
				116030CA2365D50600081DDE /* Interface */,
				118D7E42236EFC4F00E9D27D /* Mocker.swift */,
			);
			path = "App Storage Service";
			sourceTree = "<group>";
		};
		116030C12365D4E700081DDE /* CoreDataTests */ = {
			isa = PBXGroup;
			children = (
				116030C22365D4E700081DDE /* CoreDataTests.swift */,
				116030C42365D4E700081DDE /* Info.plist */,
			);
			path = CoreDataTests;
			sourceTree = "<group>";
		};
		116030CA2365D50600081DDE /* Interface */ = {
			isa = PBXGroup;
			children = (
				116030CC2365D54000081DDE /* AppStorageService.swift */,
			);
			path = Interface;
			sourceTree = "<group>";
		};
		116030CB2365D50D00081DDE /* Implementation */ = {
			isa = PBXGroup;
			children = (
				116030CE2365D61000081DDE /* CoreDataService.swift */,
				116030D02365D66A00081DDE /* DataModel.xcdatamodeld */,
			);
			path = Implementation;
			sourceTree = "<group>";
		};
/* End PBXGroup section */

/* Begin PBXNativeTarget section */
		116030A32365D33000081DDE /* CoreDataProject */ = {
			isa = PBXNativeTarget;
			buildConfigurationList = 116030B82365D33000081DDE /* Build configuration list for PBXNativeTarget "CoreDataProject" */;
			buildPhases = (
				116030A02365D33000081DDE /* Sources */,
				116030A12365D33000081DDE /* Frameworks */,
				116030A22365D33000081DDE /* Resources */,
			);
			buildRules = (
			);
			dependencies = (
			);
			name = CoreDataProject;
			productName = CoreData;
			productReference = 116030A42365D33000081DDE /* CoreDataProject.app */;
			productType = "com.apple.product-type.application";
		};
		116030BF2365D4E700081DDE /* CoreDataProjectTests */ = {
			isa = PBXNativeTarget;
			buildConfigurationList = 116030C72365D4E700081DDE /* Build configuration list for PBXNativeTarget "CoreDataProjectTests" */;
			buildPhases = (
				116030BC2365D4E700081DDE /* Sources */,
				116030BD2365D4E700081DDE /* Frameworks */,
				116030BE2365D4E700081DDE /* Resources */,
			);
			buildRules = (
			);
			dependencies = (
				116030C62365D4E700081DDE /* PBXTargetDependency */,
			);
			name = CoreDataProjectTests;
			productName = CoreDataTests;
			productReference = 116030C02365D4E700081DDE /* CoreDataProjectTests.xctest */;
			productType = "com.apple.product-type.bundle.unit-test";
		};
/* End PBXNativeTarget section */

/* Begin PBXProject section */
		1160309C2365D33000081DDE /* Project object */ = {
			isa = PBXProject;
			attributes = {
				LastSwiftUpdateCheck = 1100;
				LastUpgradeCheck = 1100;
				ORGANIZATIONNAME = nikita;
				TargetAttributes = {
					116030A32365D33000081DDE = {
						CreatedOnToolsVersion = 11.0;
					};
					116030BF2365D4E700081DDE = {
						CreatedOnToolsVersion = 11.0;
						TestTargetID = 116030A32365D33000081DDE;
					};
				};
			};
			buildConfigurationList = 1160309F2365D33000081DDE /* Build configuration list for PBXProject "CoreDataProject" */;
			compatibilityVersion = "Xcode 9.3";
			developmentRegion = en;
			hasScannedForEncodings = 0;
			knownRegions = (
				en,
				Base,
			);
			mainGroup = 1160309B2365D33000081DDE;
			productRefGroup = 116030A52365D33000081DDE /* Products */;
			projectDirPath = "";
			projectRoot = "";
			targets = (
				116030A32365D33000081DDE /* CoreDataProject */,
				116030BF2365D4E700081DDE /* CoreDataProjectTests */,
			);
		};
/* End PBXProject section */

/* Begin PBXResourcesBuildPhase section */
		116030A22365D33000081DDE /* Resources */ = {
			isa = PBXResourcesBuildPhase;
			buildActionMask = 2147483647;
			files = (
				116030B42365D33000081DDE /* LaunchScreen.storyboard in Resources */,
				116030B12365D33000081DDE /* Preview Assets.xcassets in Resources */,
				116030AE2365D33000081DDE /* Assets.xcassets in Resources */,
			);
			runOnlyForDeploymentPostprocessing = 0;
		};
		116030BE2365D4E700081DDE /* Resources */ = {
			isa = PBXResourcesBuildPhase;
			buildActionMask = 2147483647;
			files = (
			);
			runOnlyForDeploymentPostprocessing = 0;
		};
/* End PBXResourcesBuildPhase section */

/* Begin PBXSourcesBuildPhase section */
		116030A02365D33000081DDE /* Sources */ = {
			isa = PBXSourcesBuildPhase;
			buildActionMask = 2147483647;
			files = (
				118D7E43236EFC4F00E9D27D /* Mocker.swift in Sources */,
				116030A82365D33000081DDE /* AppDelegate.swift in Sources */,
				116030D22365D66A00081DDE /* DataModel.xcdatamodeld in Sources */,
				116030CF2365D61000081DDE /* CoreDataService.swift in Sources */,
				116030CD2365D54000081DDE /* AppStorageService.swift in Sources */,
			);
			runOnlyForDeploymentPostprocessing = 0;
		};
		116030BC2365D4E700081DDE /* Sources */ = {
			isa = PBXSourcesBuildPhase;
			buildActionMask = 2147483647;
			files = (
				118D7E41236EF92F00E9D27D /* AppStorageService.swift in Sources */,
				118D7E44236EFCD400E9D27D /* DataModel.xcdatamodeld in Sources */,
				118D7E40236EF91200E9D27D /* CoreDataService.swift in Sources */,
				116030C32365D4E700081DDE /* CoreDataTests.swift in Sources */,
			);
			runOnlyForDeploymentPostprocessing = 0;
		};
/* End PBXSourcesBuildPhase section */

/* Begin PBXTargetDependency section */
		116030C62365D4E700081DDE /* PBXTargetDependency */ = {
			isa = PBXTargetDependency;
			target = 116030A32365D33000081DDE /* CoreDataProject */;
			targetProxy = 116030C52365D4E700081DDE /* PBXContainerItemProxy */;
		};
/* End PBXTargetDependency section */

/* Begin PBXVariantGroup section */
		116030B22365D33000081DDE /* LaunchScreen.storyboard */ = {
			isa = PBXVariantGroup;
			children = (
				116030B32365D33000081DDE /* Base */,
			);
			name = LaunchScreen.storyboard;
			sourceTree = "<group>";
		};
/* End PBXVariantGroup section */

/* Begin XCBuildConfiguration section */
		116030B62365D33000081DDE /* Debug */ = {
			isa = XCBuildConfiguration;
			buildSettings = {
				ALWAYS_SEARCH_USER_PATHS = NO;
				CLANG_ANALYZER_NONNULL = YES;
				CLANG_ANALYZER_NUMBER_OBJECT_CONVERSION = YES_AGGRESSIVE;
				CLANG_CXX_LANGUAGE_STANDARD = "gnu++14";
				CLANG_CXX_LIBRARY = "libc++";
				CLANG_ENABLE_MODULES = YES;
				CLANG_ENABLE_OBJC_ARC = YES;
				CLANG_ENABLE_OBJC_WEAK = YES;
				CLANG_WARN_BLOCK_CAPTURE_AUTORELEASING = YES;
				CLANG_WARN_BOOL_CONVERSION = YES;
				CLANG_WARN_COMMA = YES;
				CLANG_WARN_CONSTANT_CONVERSION = YES;
				CLANG_WARN_DEPRECATED_OBJC_IMPLEMENTATIONS = YES;
				CLANG_WARN_DIRECT_OBJC_ISA_USAGE = YES_ERROR;
				CLANG_WARN_DOCUMENTATION_COMMENTS = YES;
				CLANG_WARN_EMPTY_BODY = YES;
				CLANG_WARN_ENUM_CONVERSION = YES;
				CLANG_WARN_INFINITE_RECURSION = YES;
				CLANG_WARN_INT_CONVERSION = YES;
				CLANG_WARN_NON_LITERAL_NULL_CONVERSION = YES;
				CLANG_WARN_OBJC_IMPLICIT_RETAIN_SELF = YES;
				CLANG_WARN_OBJC_LITERAL_CONVERSION = YES;
				CLANG_WARN_OBJC_ROOT_CLASS = YES_ERROR;
				CLANG_WARN_RANGE_LOOP_ANALYSIS = YES;
				CLANG_WARN_STRICT_PROTOTYPES = YES;
				CLANG_WARN_SUSPICIOUS_MOVE = YES;
				CLANG_WARN_UNGUARDED_AVAILABILITY = YES_AGGRESSIVE;
				CLANG_WARN_UNREACHABLE_CODE = YES;
				CLANG_WARN__DUPLICATE_METHOD_MATCH = YES;
				COPY_PHASE_STRIP = NO;
				DEBUG_INFORMATION_FORMAT = dwarf;
				ENABLE_STRICT_OBJC_MSGSEND = YES;
				ENABLE_TESTABILITY = YES;
				GCC_C_LANGUAGE_STANDARD = gnu11;
				GCC_DYNAMIC_NO_PIC = NO;
				GCC_NO_COMMON_BLOCKS = YES;
				GCC_OPTIMIZATION_LEVEL = 0;
				GCC_PREPROCESSOR_DEFINITIONS = (
					"DEBUG=1",
					"$(inherited)",
				);
				GCC_WARN_64_TO_32_BIT_CONVERSION = YES;
				GCC_WARN_ABOUT_RETURN_TYPE = YES_ERROR;
				GCC_WARN_UNDECLARED_SELECTOR = YES;
				GCC_WARN_UNINITIALIZED_AUTOS = YES_AGGRESSIVE;
				GCC_WARN_UNUSED_FUNCTION = YES;
				GCC_WARN_UNUSED_VARIABLE = YES;
				IPHONEOS_DEPLOYMENT_TARGET = 13.0;
				MTL_ENABLE_DEBUG_INFO = INCLUDE_SOURCE;
				MTL_FAST_MATH = YES;
				ONLY_ACTIVE_ARCH = YES;
				SDKROOT = iphoneos;
				SWIFT_ACTIVE_COMPILATION_CONDITIONS = DEBUG;
				SWIFT_OPTIMIZATION_LEVEL = "-Onone";
			};
			name = Debug;
		};
		116030B72365D33000081DDE /* Release */ = {
			isa = XCBuildConfiguration;
			buildSettings = {
				ALWAYS_SEARCH_USER_PATHS = NO;
				CLANG_ANALYZER_NONNULL = YES;
				CLANG_ANALYZER_NUMBER_OBJECT_CONVERSION = YES_AGGRESSIVE;
				CLANG_CXX_LANGUAGE_STANDARD = "gnu++14";
				CLANG_CXX_LIBRARY = "libc++";
				CLANG_ENABLE_MODULES = YES;
				CLANG_ENABLE_OBJC_ARC = YES;
				CLANG_ENABLE_OBJC_WEAK = YES;
				CLANG_WARN_BLOCK_CAPTURE_AUTORELEASING = YES;
				CLANG_WARN_BOOL_CONVERSION = YES;
				CLANG_WARN_COMMA = YES;
				CLANG_WARN_CONSTANT_CONVERSION = YES;
				CLANG_WARN_DEPRECATED_OBJC_IMPLEMENTATIONS = YES;
				CLANG_WARN_DIRECT_OBJC_ISA_USAGE = YES_ERROR;
				CLANG_WARN_DOCUMENTATION_COMMENTS = YES;
				CLANG_WARN_EMPTY_BODY = YES;
				CLANG_WARN_ENUM_CONVERSION = YES;
				CLANG_WARN_INFINITE_RECURSION = YES;
				CLANG_WARN_INT_CONVERSION = YES;
				CLANG_WARN_NON_LITERAL_NULL_CONVERSION = YES;
				CLANG_WARN_OBJC_IMPLICIT_RETAIN_SELF = YES;
				CLANG_WARN_OBJC_LITERAL_CONVERSION = YES;
				CLANG_WARN_OBJC_ROOT_CLASS = YES_ERROR;
				CLANG_WARN_RANGE_LOOP_ANALYSIS = YES;
				CLANG_WARN_STRICT_PROTOTYPES = YES;
				CLANG_WARN_SUSPICIOUS_MOVE = YES;
				CLANG_WARN_UNGUARDED_AVAILABILITY = YES_AGGRESSIVE;
				CLANG_WARN_UNREACHABLE_CODE = YES;
				CLANG_WARN__DUPLICATE_METHOD_MATCH = YES;
				COPY_PHASE_STRIP = NO;
				DEBUG_INFORMATION_FORMAT = "dwarf-with-dsym";
				ENABLE_NS_ASSERTIONS = NO;
				ENABLE_STRICT_OBJC_MSGSEND = YES;
				GCC_C_LANGUAGE_STANDARD = gnu11;
				GCC_NO_COMMON_BLOCKS = YES;
				GCC_WARN_64_TO_32_BIT_CONVERSION = YES;
				GCC_WARN_ABOUT_RETURN_TYPE = YES_ERROR;
				GCC_WARN_UNDECLARED_SELECTOR = YES;
				GCC_WARN_UNINITIALIZED_AUTOS = YES_AGGRESSIVE;
				GCC_WARN_UNUSED_FUNCTION = YES;
				GCC_WARN_UNUSED_VARIABLE = YES;
				IPHONEOS_DEPLOYMENT_TARGET = 13.0;
				MTL_ENABLE_DEBUG_INFO = NO;
				MTL_FAST_MATH = YES;
				SDKROOT = iphoneos;
				SWIFT_COMPILATION_MODE = wholemodule;
				SWIFT_OPTIMIZATION_LEVEL = "-O";
				VALIDATE_PRODUCT = YES;
			};
			name = Release;
		};
		116030B92365D33000081DDE /* Debug */ = {
			isa = XCBuildConfiguration;
			buildSettings = {
				ASSETCATALOG_COMPILER_APPICON_NAME = AppIcon;
				CODE_SIGN_STYLE = Automatic;
				DEVELOPMENT_ASSET_PATHS = "\"CoreData/Preview Content\"";
				ENABLE_PREVIEWS = YES;
				INFOPLIST_FILE = CoreData/Info.plist;
				LD_RUNPATH_SEARCH_PATHS = (
					"$(inherited)",
					"@executable_path/Frameworks",
				);
				PRODUCT_BUNDLE_IDENTIFIER = Wheely.CoreData;
				PRODUCT_NAME = "$(TARGET_NAME)";
				SWIFT_VERSION = 5.0;
				TARGETED_DEVICE_FAMILY = "1,2";
			};
			name = Debug;
		};
		116030BA2365D33000081DDE /* Release */ = {
			isa = XCBuildConfiguration;
			buildSettings = {
				ASSETCATALOG_COMPILER_APPICON_NAME = AppIcon;
				CODE_SIGN_STYLE = Automatic;
				DEVELOPMENT_ASSET_PATHS = "\"CoreData/Preview Content\"";
				ENABLE_PREVIEWS = YES;
				INFOPLIST_FILE = CoreData/Info.plist;
				LD_RUNPATH_SEARCH_PATHS = (
					"$(inherited)",
					"@executable_path/Frameworks",
				);
				PRODUCT_BUNDLE_IDENTIFIER = Wheely.CoreData;
				PRODUCT_NAME = "$(TARGET_NAME)";
				SWIFT_VERSION = 5.0;
				TARGETED_DEVICE_FAMILY = "1,2";
			};
			name = Release;
		};
		116030C82365D4E700081DDE /* Debug */ = {
			isa = XCBuildConfiguration;
			buildSettings = {
				BUNDLE_LOADER = "$(TEST_HOST)";
				CODE_SIGN_STYLE = Automatic;
				INFOPLIST_FILE = CoreDataTests/Info.plist;
				LD_RUNPATH_SEARCH_PATHS = (
					"$(inherited)",
					"@executable_path/Frameworks",
					"@loader_path/Frameworks",
				);
				PRODUCT_BUNDLE_IDENTIFIER = Beetlab.CoreDataTests;
				PRODUCT_NAME = "$(TARGET_NAME)";
				SWIFT_VERSION = 5.0;
				TARGETED_DEVICE_FAMILY = "1,2";
				TEST_HOST = "$(BUILT_PRODUCTS_DIR)/CoreDataProject.app/CoreDataProject";
			};
			name = Debug;
		};
		116030C92365D4E700081DDE /* Release */ = {
			isa = XCBuildConfiguration;
			buildSettings = {
				BUNDLE_LOADER = "$(TEST_HOST)";
				CODE_SIGN_STYLE = Automatic;
				INFOPLIST_FILE = CoreDataTests/Info.plist;
				LD_RUNPATH_SEARCH_PATHS = (
					"$(inherited)",
					"@executable_path/Frameworks",
					"@loader_path/Frameworks",
				);
				PRODUCT_BUNDLE_IDENTIFIER = Beetlab.CoreDataTests;
				PRODUCT_NAME = "$(TARGET_NAME)";
				SWIFT_VERSION = 5.0;
				TARGETED_DEVICE_FAMILY = "1,2";
				TEST_HOST = "$(BUILT_PRODUCTS_DIR)/CoreDataProject.app/CoreDataProject";
			};
			name = Release;
		};
/* End XCBuildConfiguration section */

/* Begin XCConfigurationList section */
		1160309F2365D33000081DDE /* Build configuration list for PBXProject "CoreDataProject" */ = {
			isa = XCConfigurationList;
			buildConfigurations = (
				116030B62365D33000081DDE /* Debug */,
				116030B72365D33000081DDE /* Release */,
			);
			defaultConfigurationIsVisible = 0;
			defaultConfigurationName = Release;
		};
		116030B82365D33000081DDE /* Build configuration list for PBXNativeTarget "CoreDataProject" */ = {
			isa = XCConfigurationList;
			buildConfigurations = (
				116030B92365D33000081DDE /* Debug */,
				116030BA2365D33000081DDE /* Release */,
			);
			defaultConfigurationIsVisible = 0;
			defaultConfigurationName = Release;
		};
		116030C72365D4E700081DDE /* Build configuration list for PBXNativeTarget "CoreDataProjectTests" */ = {
			isa = XCConfigurationList;
			buildConfigurations = (
				116030C82365D4E700081DDE /* Debug */,
				116030C92365D4E700081DDE /* Release */,
			);
			defaultConfigurationIsVisible = 0;
			defaultConfigurationName = Release;
		};
/* End XCConfigurationList section */

/* Begin XCVersionGroup section */
		116030D02365D66A00081DDE /* DataModel.xcdatamodeld */ = {
			isa = XCVersionGroup;
			children = (
				116030D12365D66A00081DDE /* DataModel.xcdatamodel */,
			);
			currentVersion = 116030D12365D66A00081DDE /* DataModel.xcdatamodel */;
			path = DataModel.xcdatamodeld;
			sourceTree = "<group>";
			versionGroupType = wrapper.xcdatamodel;
		};
/* End XCVersionGroup section */
	};
	rootObject = 1160309C2365D33000081DDE /* Project object */;
}
